// !$*UTF8*$!
{
	archiveVersion = 1;
	classes = {
	};
	objectVersion = 46;
	objects = {

/* Begin PBXBuildFile section */
		7F7C296C1AD536C9004D4052 /* StreamDisplayView.m in Sources */ = {isa = PBXBuildFile; fileRef = 7F7C296B1AD536C9004D4052 /* StreamDisplayView.m */; };
		7F7C296F1AD53ACF004D4052 /* ProfileDateUtils.m in Sources */ = {isa = PBXBuildFile; fileRef = 7F7C296E1AD53ACF004D4052 /* ProfileDateUtils.m */; };
		7F7C29711AD55F4E004D4052 /* EmptyProfilePic.jpg in Resources */ = {isa = PBXBuildFile; fileRef = 7F7C29701AD55F4E004D4052 /* EmptyProfilePic.jpg */; };
		7F7E55BB1AD3D992007070EF /* AviarySDK.framework in Frameworks */ = {isa = PBXBuildFile; fileRef = 7F7E55B91AD3D992007070EF /* AviarySDK.framework */; };
		7F7E55BC1AD3D992007070EF /* AviarySDKResources.bundle in Resources */ = {isa = PBXBuildFile; fileRef = 7F7E55BA1AD3D992007070EF /* AviarySDKResources.bundle */; };
		7F7E55C81AD3F793007070EF /* LoginViewController.m in Sources */ = {isa = PBXBuildFile; fileRef = 7F7E55C71AD3F793007070EF /* LoginViewController.m */; };
		7F7E55CB1AD3F7A7007070EF /* SignUpViewController.m in Sources */ = {isa = PBXBuildFile; fileRef = 7F7E55CA1AD3F7A7007070EF /* SignUpViewController.m */; };
		7F83BC0D1AD1295A008DFD8B /* OnboardingViewController.m in Sources */ = {isa = PBXBuildFile; fileRef = 7F83BC0C1AD1295A008DFD8B /* OnboardingViewController.m */; };
		7F83BC111AD12B48008DFD8B /* Webservices.m in Sources */ = {isa = PBXBuildFile; fileRef = 7F83BC101AD12B48008DFD8B /* Webservices.m */; };
		7F83BC141AD12B5D008DFD8B /* APIConnector.m in Sources */ = {isa = PBXBuildFile; fileRef = 7F83BC131AD12B5D008DFD8B /* APIConnector.m */; };
		7F83BC181AD12BFF008DFD8B /* PromptImages.m in Sources */ = {isa = PBXBuildFile; fileRef = 7F83BC171AD12BFF008DFD8B /* PromptImages.m */; };
		7F83BC1E1AD13B3A008DFD8B /* LoadingViewController.m in Sources */ = {isa = PBXBuildFile; fileRef = 7F83BC1D1AD13B3A008DFD8B /* LoadingViewController.m */; };
		7F83BC211AD13BC6008DFD8B /* AppDelegate.m in Sources */ = {isa = PBXBuildFile; fileRef = 7F83BC201AD13BC6008DFD8B /* AppDelegate.m */; };
		7F83BC261AD13C09008DFD8B /* MBProgressHUD.m in Sources */ = {isa = PBXBuildFile; fileRef = 7F83BC251AD13C09008DFD8B /* MBProgressHUD.m */; };
		7F83BC291AD14549008DFD8B /* ModelManager.m in Sources */ = {isa = PBXBuildFile; fileRef = 7F83BC281AD14549008DFD8B /* ModelManager.m */; };
		7F83BC2C1AD1465E008DFD8B /* AccessToken.m in Sources */ = {isa = PBXBuildFile; fileRef = 7F83BC2B1AD1465E008DFD8B /* AccessToken.m */; };
		7F83BC301AD14ACA008DFD8B /* Reachability.m in Sources */ = {isa = PBXBuildFile; fileRef = 7F83BC2F1AD14ACA008DFD8B /* Reachability.m */; };
		7F83BC581AD14CEF008DFD8B /* AFHTTPRequestOperation.m in Sources */ = {isa = PBXBuildFile; fileRef = 7F83BC341AD14CEE008DFD8B /* AFHTTPRequestOperation.m */; };
		7F83BC591AD14CEF008DFD8B /* AFHTTPRequestOperationManager.m in Sources */ = {isa = PBXBuildFile; fileRef = 7F83BC361AD14CEE008DFD8B /* AFHTTPRequestOperationManager.m */; };
		7F83BC5A1AD14CEF008DFD8B /* AFHTTPSessionManager.m in Sources */ = {isa = PBXBuildFile; fileRef = 7F83BC381AD14CEE008DFD8B /* AFHTTPSessionManager.m */; };
		7F83BC5B1AD14CEF008DFD8B /* AFNetworkReachabilityManager.m in Sources */ = {isa = PBXBuildFile; fileRef = 7F83BC3B1AD14CEE008DFD8B /* AFNetworkReachabilityManager.m */; };
		7F83BC5C1AD14CEF008DFD8B /* AFSecurityPolicy.m in Sources */ = {isa = PBXBuildFile; fileRef = 7F83BC3D1AD14CEE008DFD8B /* AFSecurityPolicy.m */; };
		7F83BC5D1AD14CEF008DFD8B /* AFURLConnectionOperation.m in Sources */ = {isa = PBXBuildFile; fileRef = 7F83BC3F1AD14CEE008DFD8B /* AFURLConnectionOperation.m */; };
		7F83BC5E1AD14CEF008DFD8B /* AFURLRequestSerialization.m in Sources */ = {isa = PBXBuildFile; fileRef = 7F83BC411AD14CEE008DFD8B /* AFURLRequestSerialization.m */; };
		7F83BC5F1AD14CEF008DFD8B /* AFURLResponseSerialization.m in Sources */ = {isa = PBXBuildFile; fileRef = 7F83BC431AD14CEE008DFD8B /* AFURLResponseSerialization.m */; };
		7F83BC601AD14CEF008DFD8B /* AFURLSessionManager.m in Sources */ = {isa = PBXBuildFile; fileRef = 7F83BC451AD14CEE008DFD8B /* AFURLSessionManager.m */; };
		7F83BC611AD14CEF008DFD8B /* AFNetworkActivityIndicatorManager.m in Sources */ = {isa = PBXBuildFile; fileRef = 7F83BC481AD14CEE008DFD8B /* AFNetworkActivityIndicatorManager.m */; };
		7F83BC621AD14CEF008DFD8B /* UIActivityIndicatorView+AFNetworking.m in Sources */ = {isa = PBXBuildFile; fileRef = 7F83BC4A1AD14CEE008DFD8B /* UIActivityIndicatorView+AFNetworking.m */; };
		7F83BC631AD14CEF008DFD8B /* UIAlertView+AFNetworking.m in Sources */ = {isa = PBXBuildFile; fileRef = 7F83BC4C1AD14CEE008DFD8B /* UIAlertView+AFNetworking.m */; };
		7F83BC641AD14CEF008DFD8B /* UIButton+AFNetworking.m in Sources */ = {isa = PBXBuildFile; fileRef = 7F83BC4E1AD14CEE008DFD8B /* UIButton+AFNetworking.m */; };
		7F83BC651AD14CEF008DFD8B /* UIImageView+AFNetworking.m in Sources */ = {isa = PBXBuildFile; fileRef = 7F83BC501AD14CEE008DFD8B /* UIImageView+AFNetworking.m */; };
		7F83BC661AD14CEF008DFD8B /* UIProgressView+AFNetworking.m in Sources */ = {isa = PBXBuildFile; fileRef = 7F83BC531AD14CEE008DFD8B /* UIProgressView+AFNetworking.m */; };
		7F83BC671AD14CEF008DFD8B /* UIRefreshControl+AFNetworking.m in Sources */ = {isa = PBXBuildFile; fileRef = 7F83BC551AD14CEE008DFD8B /* UIRefreshControl+AFNetworking.m */; };
		7F83BC681AD14CEF008DFD8B /* UIWebView+AFNetworking.m in Sources */ = {isa = PBXBuildFile; fileRef = 7F83BC571AD14CEE008DFD8B /* UIWebView+AFNetworking.m */; };
		7F83BC6B1AD15AE6008DFD8B /* ProfilePhotoUtils.m in Sources */ = {isa = PBXBuildFile; fileRef = 7F83BC6A1AD15AE6008DFD8B /* ProfilePhotoUtils.m */; };
		7F83BC781AD1637F008DFD8B /* MainStreamsViewController.m in Sources */ = {isa = PBXBuildFile; fileRef = 7F83BC771AD1637F008DFD8B /* MainStreamsViewController.m */; };
		7F83BC7C1AD1724C008DFD8B /* AddPostViewController.m in Sources */ = {isa = PBXBuildFile; fileRef = 7F83BC7B1AD1724C008DFD8B /* AddPostViewController.m */; };
		7F83BC7E1AD17844008DFD8B /* Images.xcassets in Resources */ = {isa = PBXBuildFile; fileRef = 7F83BC7D1AD17844008DFD8B /* Images.xcassets */; };
		7F8998F31AD25DA5007E2917 /* UIKit.framework in Frameworks */ = {isa = PBXBuildFile; fileRef = 7F8998F21AD25DA5007E2917 /* UIKit.framework */; };
		7F8998F51AD25DAC007E2917 /* Foundation.framework in Frameworks */ = {isa = PBXBuildFile; fileRef = 7F8998F41AD25DAC007E2917 /* Foundation.framework */; };
		7F8998F71AD25DC5007E2917 /* QuartzCore.framework in Frameworks */ = {isa = PBXBuildFile; fileRef = 7F8998F61AD25DC5007E2917 /* QuartzCore.framework */; };
		7F8998F91AD25DCB007E2917 /* CoreGraphics.framework in Frameworks */ = {isa = PBXBuildFile; fileRef = 7F8998F81AD25DCB007E2917 /* CoreGraphics.framework */; };
		7F8998FB1AD25DDA007E2917 /* CoreText.framework in Frameworks */ = {isa = PBXBuildFile; fileRef = 7F8998FA1AD25DDA007E2917 /* CoreText.framework */; };
		7F8998FD1AD25DF2007E2917 /* OpenGLES.framework in Frameworks */ = {isa = PBXBuildFile; fileRef = 7F8998FC1AD25DF2007E2917 /* OpenGLES.framework */; };
		7F8998FF1AD25E39007E2917 /* Accelerate.framework in Frameworks */ = {isa = PBXBuildFile; fileRef = 7F8998FE1AD25E39007E2917 /* Accelerate.framework */; };
		7F8999011AD25E41007E2917 /* CoreData.framework in Frameworks */ = {isa = PBXBuildFile; fileRef = 7F8999001AD25E41007E2917 /* CoreData.framework */; };
		7F8999031AD25E4F007E2917 /* libsqlite3.0.dylib in Frameworks */ = {isa = PBXBuildFile; fileRef = 7F8999021AD25E4F007E2917 /* libsqlite3.0.dylib */; };
		7F8999051AD25E57007E2917 /* libz.1.2.5.dylib in Frameworks */ = {isa = PBXBuildFile; fileRef = 7F8999041AD25E57007E2917 /* libz.1.2.5.dylib */; };
		7F8999071AD25E5E007E2917 /* MessageUI.framework in Frameworks */ = {isa = PBXBuildFile; fileRef = 7F8999061AD25E5E007E2917 /* MessageUI.framework */; };
		7F8999091AD25E66007E2917 /* StoreKit.framework in Frameworks */ = {isa = PBXBuildFile; fileRef = 7F8999081AD25E66007E2917 /* StoreKit.framework */; };
		7F8999131AD2649E007E2917 /* Base64.m in Sources */ = {isa = PBXBuildFile; fileRef = 7F8999121AD2649E007E2917 /* Base64.m */; };
		7F8999161AD2A04B007E2917 /* UserProfile.m in Sources */ = {isa = PBXBuildFile; fileRef = 7F8999151AD2A04B007E2917 /* UserProfile.m */; };
		7F8999211AD2B1F6007E2917 /* tour_0@2x.png in Resources */ = {isa = PBXBuildFile; fileRef = 7F8999191AD2B1F6007E2917 /* tour_0@2x.png */; };
		7F8999221AD2B1F6007E2917 /* tour_1@2x.png in Resources */ = {isa = PBXBuildFile; fileRef = 7F89991A1AD2B1F6007E2917 /* tour_1@2x.png */; };
		7F8999231AD2B1F6007E2917 /* tour_2@2x.png in Resources */ = {isa = PBXBuildFile; fileRef = 7F89991B1AD2B1F6007E2917 /* tour_2@2x.png */; };
		7F8999241AD2B1F6007E2917 /* tour_3@2x.png in Resources */ = {isa = PBXBuildFile; fileRef = 7F89991C1AD2B1F6007E2917 /* tour_3@2x.png */; };
		7F8999251AD2B1F6007E2917 /* tour_4@2x.png in Resources */ = {isa = PBXBuildFile; fileRef = 7F89991D1AD2B1F6007E2917 /* tour_4@2x.png */; };
		7F8999261AD2B1F6007E2917 /* tour_5@2x.png in Resources */ = {isa = PBXBuildFile; fileRef = 7F89991E1AD2B1F6007E2917 /* tour_5@2x.png */; };
		7F8999271AD2B1F6007E2917 /* tour_6@2x.png in Resources */ = {isa = PBXBuildFile; fileRef = 7F89991F1AD2B1F6007E2917 /* tour_6@2x.png */; };
		7F8999281AD2B1F6007E2917 /* tour_7@2x.png in Resources */ = {isa = PBXBuildFile; fileRef = 7F8999201AD2B1F6007E2917 /* tour_7@2x.png */; };
		7FF5CC011ACE9E61004F4F9B /* main.m in Sources */ = {isa = PBXBuildFile; fileRef = 7FF5CC001ACE9E61004F4F9B /* main.m */; };
		7FF5CC0A1ACE9E61004F4F9B /* Main.storyboard in Resources */ = {isa = PBXBuildFile; fileRef = 7FF5CC081ACE9E61004F4F9B /* Main.storyboard */; };
		7FF5CC1B1ACE9E61004F4F9B /* Msocl_iOSTests.m in Sources */ = {isa = PBXBuildFile; fileRef = 7FF5CC1A1ACE9E61004F4F9B /* Msocl_iOSTests.m */; };
/* End PBXBuildFile section */

/* Begin PBXContainerItemProxy section */
		7FF5CC151ACE9E61004F4F9B /* PBXContainerItemProxy */ = {
			isa = PBXContainerItemProxy;
			containerPortal = 7FF5CBF31ACE9E60004F4F9B /* Project object */;
			proxyType = 1;
			remoteGlobalIDString = 7FF5CBFA1ACE9E60004F4F9B;
			remoteInfo = Msocl_iOS;
		};
/* End PBXContainerItemProxy section */

/* Begin PBXFileReference section */
		7F7C296A1AD536C9004D4052 /* StreamDisplayView.h */ = {isa = PBXFileReference; fileEncoding = 4; lastKnownFileType = sourcecode.c.h; path = StreamDisplayView.h; sourceTree = "<group>"; };
		7F7C296B1AD536C9004D4052 /* StreamDisplayView.m */ = {isa = PBXFileReference; fileEncoding = 4; lastKnownFileType = sourcecode.c.objc; path = StreamDisplayView.m; sourceTree = "<group>"; };
		7F7C296D1AD53ACF004D4052 /* ProfileDateUtils.h */ = {isa = PBXFileReference; fileEncoding = 4; lastKnownFileType = sourcecode.c.h; name = ProfileDateUtils.h; path = ../../../../../Documents/ProfileDateUtils.h; sourceTree = "<group>"; };
		7F7C296E1AD53ACF004D4052 /* ProfileDateUtils.m */ = {isa = PBXFileReference; fileEncoding = 4; lastKnownFileType = sourcecode.c.objc; name = ProfileDateUtils.m; path = ../../../../../Documents/ProfileDateUtils.m; sourceTree = "<group>"; };
		7F7C29701AD55F4E004D4052 /* EmptyProfilePic.jpg */ = {isa = PBXFileReference; lastKnownFileType = image.jpeg; path = EmptyProfilePic.jpg; sourceTree = "<group>"; };
		7F7E55B91AD3D992007070EF /* AviarySDK.framework */ = {isa = PBXFileReference; lastKnownFileType = wrapper.framework; path = AviarySDK.framework; sourceTree = "<group>"; };
		7F7E55BA1AD3D992007070EF /* AviarySDKResources.bundle */ = {isa = PBXFileReference; lastKnownFileType = "wrapper.plug-in"; path = AviarySDKResources.bundle; sourceTree = "<group>"; };
		7F7E55C61AD3F793007070EF /* LoginViewController.h */ = {isa = PBXFileReference; fileEncoding = 4; lastKnownFileType = sourcecode.c.h; path = LoginViewController.h; sourceTree = "<group>"; };
		7F7E55C71AD3F793007070EF /* LoginViewController.m */ = {isa = PBXFileReference; fileEncoding = 4; lastKnownFileType = sourcecode.c.objc; path = LoginViewController.m; sourceTree = "<group>"; };
		7F7E55C91AD3F7A7007070EF /* SignUpViewController.h */ = {isa = PBXFileReference; fileEncoding = 4; lastKnownFileType = sourcecode.c.h; path = SignUpViewController.h; sourceTree = "<group>"; };
		7F7E55CA1AD3F7A7007070EF /* SignUpViewController.m */ = {isa = PBXFileReference; fileEncoding = 4; lastKnownFileType = sourcecode.c.objc; path = SignUpViewController.m; sourceTree = "<group>"; };
		7F83BC0B1AD1295A008DFD8B /* OnboardingViewController.h */ = {isa = PBXFileReference; fileEncoding = 4; lastKnownFileType = sourcecode.c.h; name = OnboardingViewController.h; path = ../../OnboardingViewController.h; sourceTree = "<group>"; };
		7F83BC0C1AD1295A008DFD8B /* OnboardingViewController.m */ = {isa = PBXFileReference; fileEncoding = 4; lastKnownFileType = sourcecode.c.objc; name = OnboardingViewController.m; path = ../../OnboardingViewController.m; sourceTree = "<group>"; };
		7F83BC0F1AD12B48008DFD8B /* Webservices.h */ = {isa = PBXFileReference; fileEncoding = 4; lastKnownFileType = sourcecode.c.h; name = Webservices.h; path = ../../Webservices.h; sourceTree = "<group>"; };
		7F83BC101AD12B48008DFD8B /* Webservices.m */ = {isa = PBXFileReference; fileEncoding = 4; lastKnownFileType = sourcecode.c.objc; name = Webservices.m; path = ../../Webservices.m; sourceTree = "<group>"; };
		7F83BC121AD12B5D008DFD8B /* APIConnector.h */ = {isa = PBXFileReference; fileEncoding = 4; lastKnownFileType = sourcecode.c.h; name = APIConnector.h; path = ../../APIConnector.h; sourceTree = "<group>"; };
		7F83BC131AD12B5D008DFD8B /* APIConnector.m */ = {isa = PBXFileReference; fileEncoding = 4; lastKnownFileType = sourcecode.c.objc; name = APIConnector.m; path = ../../APIConnector.m; sourceTree = "<group>"; };
		7F83BC161AD12BFF008DFD8B /* PromptImages.h */ = {isa = PBXFileReference; fileEncoding = 4; lastKnownFileType = sourcecode.c.h; name = PromptImages.h; path = ../../PromptImages.h; sourceTree = "<group>"; };
		7F83BC171AD12BFF008DFD8B /* PromptImages.m */ = {isa = PBXFileReference; fileEncoding = 4; lastKnownFileType = sourcecode.c.objc; name = PromptImages.m; path = ../../PromptImages.m; sourceTree = "<group>"; };
		7F83BC1A1AD13948008DFD8B /* StringConstants.h */ = {isa = PBXFileReference; fileEncoding = 4; lastKnownFileType = sourcecode.c.h; name = StringConstants.h; path = ../../StringConstants.h; sourceTree = "<group>"; };
		7F83BC1C1AD13B3A008DFD8B /* LoadingViewController.h */ = {isa = PBXFileReference; fileEncoding = 4; lastKnownFileType = sourcecode.c.h; name = LoadingViewController.h; path = ../../LoadingViewController.h; sourceTree = "<group>"; };
		7F83BC1D1AD13B3A008DFD8B /* LoadingViewController.m */ = {isa = PBXFileReference; fileEncoding = 4; lastKnownFileType = sourcecode.c.objc; name = LoadingViewController.m; path = ../../LoadingViewController.m; sourceTree = "<group>"; };
		7F83BC201AD13BC6008DFD8B /* AppDelegate.m */ = {isa = PBXFileReference; fileEncoding = 4; lastKnownFileType = sourcecode.c.objc; path = AppDelegate.m; sourceTree = "<group>"; };
		7F83BC241AD13C09008DFD8B /* MBProgressHUD.h */ = {isa = PBXFileReference; fileEncoding = 4; lastKnownFileType = sourcecode.c.h; path = MBProgressHUD.h; sourceTree = "<group>"; };
		7F83BC251AD13C09008DFD8B /* MBProgressHUD.m */ = {isa = PBXFileReference; fileEncoding = 4; lastKnownFileType = sourcecode.c.objc; path = MBProgressHUD.m; sourceTree = "<group>"; };
		7F83BC271AD14549008DFD8B /* ModelManager.h */ = {isa = PBXFileReference; fileEncoding = 4; lastKnownFileType = sourcecode.c.h; name = ModelManager.h; path = ../../ModelManager.h; sourceTree = "<group>"; };
		7F83BC281AD14549008DFD8B /* ModelManager.m */ = {isa = PBXFileReference; fileEncoding = 4; lastKnownFileType = sourcecode.c.objc; name = ModelManager.m; path = ../../ModelManager.m; sourceTree = "<group>"; };
		7F83BC2A1AD1465E008DFD8B /* AccessToken.h */ = {isa = PBXFileReference; fileEncoding = 4; lastKnownFileType = sourcecode.c.h; name = AccessToken.h; path = ../../AccessToken.h; sourceTree = "<group>"; };
		7F83BC2B1AD1465E008DFD8B /* AccessToken.m */ = {isa = PBXFileReference; fileEncoding = 4; lastKnownFileType = sourcecode.c.objc; name = AccessToken.m; path = ../../AccessToken.m; sourceTree = "<group>"; };
		7F83BC2E1AD14ACA008DFD8B /* Reachability.h */ = {isa = PBXFileReference; fileEncoding = 4; lastKnownFileType = sourcecode.c.h; path = Reachability.h; sourceTree = "<group>"; };
		7F83BC2F1AD14ACA008DFD8B /* Reachability.m */ = {isa = PBXFileReference; fileEncoding = 4; lastKnownFileType = sourcecode.c.objc; path = Reachability.m; sourceTree = "<group>"; };
		7F83BC331AD14CEE008DFD8B /* AFHTTPRequestOperation.h */ = {isa = PBXFileReference; fileEncoding = 4; lastKnownFileType = sourcecode.c.h; path = AFHTTPRequestOperation.h; sourceTree = "<group>"; };
		7F83BC341AD14CEE008DFD8B /* AFHTTPRequestOperation.m */ = {isa = PBXFileReference; fileEncoding = 4; lastKnownFileType = sourcecode.c.objc; path = AFHTTPRequestOperation.m; sourceTree = "<group>"; };
		7F83BC351AD14CEE008DFD8B /* AFHTTPRequestOperationManager.h */ = {isa = PBXFileReference; fileEncoding = 4; lastKnownFileType = sourcecode.c.h; path = AFHTTPRequestOperationManager.h; sourceTree = "<group>"; };
		7F83BC361AD14CEE008DFD8B /* AFHTTPRequestOperationManager.m */ = {isa = PBXFileReference; fileEncoding = 4; lastKnownFileType = sourcecode.c.objc; path = AFHTTPRequestOperationManager.m; sourceTree = "<group>"; };
		7F83BC371AD14CEE008DFD8B /* AFHTTPSessionManager.h */ = {isa = PBXFileReference; fileEncoding = 4; lastKnownFileType = sourcecode.c.h; path = AFHTTPSessionManager.h; sourceTree = "<group>"; };
		7F83BC381AD14CEE008DFD8B /* AFHTTPSessionManager.m */ = {isa = PBXFileReference; fileEncoding = 4; lastKnownFileType = sourcecode.c.objc; path = AFHTTPSessionManager.m; sourceTree = "<group>"; };
		7F83BC391AD14CEE008DFD8B /* AFNetworking.h */ = {isa = PBXFileReference; fileEncoding = 4; lastKnownFileType = sourcecode.c.h; path = AFNetworking.h; sourceTree = "<group>"; };
		7F83BC3A1AD14CEE008DFD8B /* AFNetworkReachabilityManager.h */ = {isa = PBXFileReference; fileEncoding = 4; lastKnownFileType = sourcecode.c.h; path = AFNetworkReachabilityManager.h; sourceTree = "<group>"; };
		7F83BC3B1AD14CEE008DFD8B /* AFNetworkReachabilityManager.m */ = {isa = PBXFileReference; fileEncoding = 4; lastKnownFileType = sourcecode.c.objc; path = AFNetworkReachabilityManager.m; sourceTree = "<group>"; };
		7F83BC3C1AD14CEE008DFD8B /* AFSecurityPolicy.h */ = {isa = PBXFileReference; fileEncoding = 4; lastKnownFileType = sourcecode.c.h; path = AFSecurityPolicy.h; sourceTree = "<group>"; };
		7F83BC3D1AD14CEE008DFD8B /* AFSecurityPolicy.m */ = {isa = PBXFileReference; fileEncoding = 4; lastKnownFileType = sourcecode.c.objc; path = AFSecurityPolicy.m; sourceTree = "<group>"; };
		7F83BC3E1AD14CEE008DFD8B /* AFURLConnectionOperation.h */ = {isa = PBXFileReference; fileEncoding = 4; lastKnownFileType = sourcecode.c.h; path = AFURLConnectionOperation.h; sourceTree = "<group>"; };
		7F83BC3F1AD14CEE008DFD8B /* AFURLConnectionOperation.m */ = {isa = PBXFileReference; fileEncoding = 4; lastKnownFileType = sourcecode.c.objc; path = AFURLConnectionOperation.m; sourceTree = "<group>"; };
		7F83BC401AD14CEE008DFD8B /* AFURLRequestSerialization.h */ = {isa = PBXFileReference; fileEncoding = 4; lastKnownFileType = sourcecode.c.h; path = AFURLRequestSerialization.h; sourceTree = "<group>"; };
		7F83BC411AD14CEE008DFD8B /* AFURLRequestSerialization.m */ = {isa = PBXFileReference; fileEncoding = 4; lastKnownFileType = sourcecode.c.objc; path = AFURLRequestSerialization.m; sourceTree = "<group>"; };
		7F83BC421AD14CEE008DFD8B /* AFURLResponseSerialization.h */ = {isa = PBXFileReference; fileEncoding = 4; lastKnownFileType = sourcecode.c.h; path = AFURLResponseSerialization.h; sourceTree = "<group>"; };
		7F83BC431AD14CEE008DFD8B /* AFURLResponseSerialization.m */ = {isa = PBXFileReference; fileEncoding = 4; lastKnownFileType = sourcecode.c.objc; path = AFURLResponseSerialization.m; sourceTree = "<group>"; };
		7F83BC441AD14CEE008DFD8B /* AFURLSessionManager.h */ = {isa = PBXFileReference; fileEncoding = 4; lastKnownFileType = sourcecode.c.h; path = AFURLSessionManager.h; sourceTree = "<group>"; };
		7F83BC451AD14CEE008DFD8B /* AFURLSessionManager.m */ = {isa = PBXFileReference; fileEncoding = 4; lastKnownFileType = sourcecode.c.objc; path = AFURLSessionManager.m; sourceTree = "<group>"; };
		7F83BC471AD14CEE008DFD8B /* AFNetworkActivityIndicatorManager.h */ = {isa = PBXFileReference; fileEncoding = 4; lastKnownFileType = sourcecode.c.h; path = AFNetworkActivityIndicatorManager.h; sourceTree = "<group>"; };
		7F83BC481AD14CEE008DFD8B /* AFNetworkActivityIndicatorManager.m */ = {isa = PBXFileReference; fileEncoding = 4; lastKnownFileType = sourcecode.c.objc; path = AFNetworkActivityIndicatorManager.m; sourceTree = "<group>"; };
		7F83BC491AD14CEE008DFD8B /* UIActivityIndicatorView+AFNetworking.h */ = {isa = PBXFileReference; fileEncoding = 4; lastKnownFileType = sourcecode.c.h; path = "UIActivityIndicatorView+AFNetworking.h"; sourceTree = "<group>"; };
		7F83BC4A1AD14CEE008DFD8B /* UIActivityIndicatorView+AFNetworking.m */ = {isa = PBXFileReference; fileEncoding = 4; lastKnownFileType = sourcecode.c.objc; path = "UIActivityIndicatorView+AFNetworking.m"; sourceTree = "<group>"; };
		7F83BC4B1AD14CEE008DFD8B /* UIAlertView+AFNetworking.h */ = {isa = PBXFileReference; fileEncoding = 4; lastKnownFileType = sourcecode.c.h; path = "UIAlertView+AFNetworking.h"; sourceTree = "<group>"; };
		7F83BC4C1AD14CEE008DFD8B /* UIAlertView+AFNetworking.m */ = {isa = PBXFileReference; fileEncoding = 4; lastKnownFileType = sourcecode.c.objc; path = "UIAlertView+AFNetworking.m"; sourceTree = "<group>"; };
		7F83BC4D1AD14CEE008DFD8B /* UIButton+AFNetworking.h */ = {isa = PBXFileReference; fileEncoding = 4; lastKnownFileType = sourcecode.c.h; path = "UIButton+AFNetworking.h"; sourceTree = "<group>"; };
		7F83BC4E1AD14CEE008DFD8B /* UIButton+AFNetworking.m */ = {isa = PBXFileReference; fileEncoding = 4; lastKnownFileType = sourcecode.c.objc; path = "UIButton+AFNetworking.m"; sourceTree = "<group>"; };
		7F83BC4F1AD14CEE008DFD8B /* UIImageView+AFNetworking.h */ = {isa = PBXFileReference; fileEncoding = 4; lastKnownFileType = sourcecode.c.h; path = "UIImageView+AFNetworking.h"; sourceTree = "<group>"; };
		7F83BC501AD14CEE008DFD8B /* UIImageView+AFNetworking.m */ = {isa = PBXFileReference; fileEncoding = 4; lastKnownFileType = sourcecode.c.objc; path = "UIImageView+AFNetworking.m"; sourceTree = "<group>"; };
		7F83BC511AD14CEE008DFD8B /* UIKit+AFNetworking.h */ = {isa = PBXFileReference; fileEncoding = 4; lastKnownFileType = sourcecode.c.h; path = "UIKit+AFNetworking.h"; sourceTree = "<group>"; };
		7F83BC521AD14CEE008DFD8B /* UIProgressView+AFNetworking.h */ = {isa = PBXFileReference; fileEncoding = 4; lastKnownFileType = sourcecode.c.h; path = "UIProgressView+AFNetworking.h"; sourceTree = "<group>"; };
		7F83BC531AD14CEE008DFD8B /* UIProgressView+AFNetworking.m */ = {isa = PBXFileReference; fileEncoding = 4; lastKnownFileType = sourcecode.c.objc; path = "UIProgressView+AFNetworking.m"; sourceTree = "<group>"; };
		7F83BC541AD14CEE008DFD8B /* UIRefreshControl+AFNetworking.h */ = {isa = PBXFileReference; fileEncoding = 4; lastKnownFileType = sourcecode.c.h; path = "UIRefreshControl+AFNetworking.h"; sourceTree = "<group>"; };
		7F83BC551AD14CEE008DFD8B /* UIRefreshControl+AFNetworking.m */ = {isa = PBXFileReference; fileEncoding = 4; lastKnownFileType = sourcecode.c.objc; path = "UIRefreshControl+AFNetworking.m"; sourceTree = "<group>"; };
		7F83BC561AD14CEE008DFD8B /* UIWebView+AFNetworking.h */ = {isa = PBXFileReference; fileEncoding = 4; lastKnownFileType = sourcecode.c.h; path = "UIWebView+AFNetworking.h"; sourceTree = "<group>"; };
		7F83BC571AD14CEE008DFD8B /* UIWebView+AFNetworking.m */ = {isa = PBXFileReference; fileEncoding = 4; lastKnownFileType = sourcecode.c.objc; path = "UIWebView+AFNetworking.m"; sourceTree = "<group>"; };
		7F83BC691AD15AE6008DFD8B /* ProfilePhotoUtils.h */ = {isa = PBXFileReference; fileEncoding = 4; lastKnownFileType = sourcecode.c.h; name = ProfilePhotoUtils.h; path = ../../ProfilePhotoUtils.h; sourceTree = "<group>"; };
		7F83BC6A1AD15AE6008DFD8B /* ProfilePhotoUtils.m */ = {isa = PBXFileReference; fileEncoding = 4; lastKnownFileType = sourcecode.c.objc; name = ProfilePhotoUtils.m; path = ../../ProfilePhotoUtils.m; sourceTree = "<group>"; };
		7F83BC761AD1637F008DFD8B /* MainStreamsViewController.h */ = {isa = PBXFileReference; fileEncoding = 4; lastKnownFileType = sourcecode.c.h; name = MainStreamsViewController.h; path = ../../MainStreamsViewController.h; sourceTree = "<group>"; };
		7F83BC771AD1637F008DFD8B /* MainStreamsViewController.m */ = {isa = PBXFileReference; fileEncoding = 4; lastKnownFileType = sourcecode.c.objc; name = MainStreamsViewController.m; path = ../../MainStreamsViewController.m; sourceTree = "<group>"; };
		7F83BC7A1AD1724C008DFD8B /* AddPostViewController.h */ = {isa = PBXFileReference; fileEncoding = 4; lastKnownFileType = sourcecode.c.h; name = AddPostViewController.h; path = ../../../AddPostViewController.h; sourceTree = "<group>"; };
		7F83BC7B1AD1724C008DFD8B /* AddPostViewController.m */ = {isa = PBXFileReference; fileEncoding = 4; lastKnownFileType = sourcecode.c.objc; name = AddPostViewController.m; path = ../../../AddPostViewController.m; sourceTree = "<group>"; };
		7F83BC7D1AD17844008DFD8B /* Images.xcassets */ = {isa = PBXFileReference; lastKnownFileType = folder.assetcatalog; path = Images.xcassets; sourceTree = "<group>"; };
		7F8998F21AD25DA5007E2917 /* UIKit.framework */ = {isa = PBXFileReference; lastKnownFileType = wrapper.framework; name = UIKit.framework; path = System/Library/Frameworks/UIKit.framework; sourceTree = SDKROOT; };
		7F8998F41AD25DAC007E2917 /* Foundation.framework */ = {isa = PBXFileReference; lastKnownFileType = wrapper.framework; name = Foundation.framework; path = System/Library/Frameworks/Foundation.framework; sourceTree = SDKROOT; };
		7F8998F61AD25DC5007E2917 /* QuartzCore.framework */ = {isa = PBXFileReference; lastKnownFileType = wrapper.framework; name = QuartzCore.framework; path = System/Library/Frameworks/QuartzCore.framework; sourceTree = SDKROOT; };
		7F8998F81AD25DCB007E2917 /* CoreGraphics.framework */ = {isa = PBXFileReference; lastKnownFileType = wrapper.framework; name = CoreGraphics.framework; path = System/Library/Frameworks/CoreGraphics.framework; sourceTree = SDKROOT; };
		7F8998FA1AD25DDA007E2917 /* CoreText.framework */ = {isa = PBXFileReference; lastKnownFileType = wrapper.framework; name = CoreText.framework; path = System/Library/Frameworks/CoreText.framework; sourceTree = SDKROOT; };
		7F8998FC1AD25DF2007E2917 /* OpenGLES.framework */ = {isa = PBXFileReference; lastKnownFileType = wrapper.framework; name = OpenGLES.framework; path = System/Library/Frameworks/OpenGLES.framework; sourceTree = SDKROOT; };
		7F8998FE1AD25E39007E2917 /* Accelerate.framework */ = {isa = PBXFileReference; lastKnownFileType = wrapper.framework; name = Accelerate.framework; path = System/Library/Frameworks/Accelerate.framework; sourceTree = SDKROOT; };
		7F8999001AD25E41007E2917 /* CoreData.framework */ = {isa = PBXFileReference; lastKnownFileType = wrapper.framework; name = CoreData.framework; path = System/Library/Frameworks/CoreData.framework; sourceTree = SDKROOT; };
		7F8999021AD25E4F007E2917 /* libsqlite3.0.dylib */ = {isa = PBXFileReference; lastKnownFileType = "compiled.mach-o.dylib"; name = libsqlite3.0.dylib; path = usr/lib/libsqlite3.0.dylib; sourceTree = SDKROOT; };
		7F8999041AD25E57007E2917 /* libz.1.2.5.dylib */ = {isa = PBXFileReference; lastKnownFileType = "compiled.mach-o.dylib"; name = libz.1.2.5.dylib; path = usr/lib/libz.1.2.5.dylib; sourceTree = SDKROOT; };
		7F8999061AD25E5E007E2917 /* MessageUI.framework */ = {isa = PBXFileReference; lastKnownFileType = wrapper.framework; name = MessageUI.framework; path = System/Library/Frameworks/MessageUI.framework; sourceTree = SDKROOT; };
		7F8999081AD25E66007E2917 /* StoreKit.framework */ = {isa = PBXFileReference; lastKnownFileType = wrapper.framework; name = StoreKit.framework; path = System/Library/Frameworks/StoreKit.framework; sourceTree = SDKROOT; };
		7F8999111AD2649E007E2917 /* Base64.h */ = {isa = PBXFileReference; fileEncoding = 4; lastKnownFileType = sourcecode.c.h; path = Base64.h; sourceTree = "<group>"; };
		7F8999121AD2649E007E2917 /* Base64.m */ = {isa = PBXFileReference; fileEncoding = 4; lastKnownFileType = sourcecode.c.objc; path = Base64.m; sourceTree = "<group>"; };
		7F8999141AD2A04B007E2917 /* UserProfile.h */ = {isa = PBXFileReference; fileEncoding = 4; lastKnownFileType = sourcecode.c.h; name = UserProfile.h; path = ../../UserProfile.h; sourceTree = "<group>"; };
		7F8999151AD2A04B007E2917 /* UserProfile.m */ = {isa = PBXFileReference; fileEncoding = 4; lastKnownFileType = sourcecode.c.objc; name = UserProfile.m; path = ../../UserProfile.m; sourceTree = "<group>"; };
		7F8999191AD2B1F6007E2917 /* tour_0@2x.png */ = {isa = PBXFileReference; lastKnownFileType = image.png; path = "tour_0@2x.png"; sourceTree = "<group>"; };
		7F89991A1AD2B1F6007E2917 /* tour_1@2x.png */ = {isa = PBXFileReference; lastKnownFileType = image.png; path = "tour_1@2x.png"; sourceTree = "<group>"; };
		7F89991B1AD2B1F6007E2917 /* tour_2@2x.png */ = {isa = PBXFileReference; lastKnownFileType = image.png; path = "tour_2@2x.png"; sourceTree = "<group>"; };
		7F89991C1AD2B1F6007E2917 /* tour_3@2x.png */ = {isa = PBXFileReference; lastKnownFileType = image.png; path = "tour_3@2x.png"; sourceTree = "<group>"; };
		7F89991D1AD2B1F6007E2917 /* tour_4@2x.png */ = {isa = PBXFileReference; lastKnownFileType = image.png; path = "tour_4@2x.png"; sourceTree = "<group>"; };
		7F89991E1AD2B1F6007E2917 /* tour_5@2x.png */ = {isa = PBXFileReference; lastKnownFileType = image.png; path = "tour_5@2x.png"; sourceTree = "<group>"; };
		7F89991F1AD2B1F6007E2917 /* tour_6@2x.png */ = {isa = PBXFileReference; lastKnownFileType = image.png; path = "tour_6@2x.png"; sourceTree = "<group>"; };
		7F8999201AD2B1F6007E2917 /* tour_7@2x.png */ = {isa = PBXFileReference; lastKnownFileType = image.png; path = "tour_7@2x.png"; sourceTree = "<group>"; };
		7FF5CBFB1ACE9E60004F4F9B /* Msocl_iOS.app */ = {isa = PBXFileReference; explicitFileType = wrapper.application; includeInIndex = 0; path = Msocl_iOS.app; sourceTree = BUILT_PRODUCTS_DIR; };
		7FF5CBFF1ACE9E60004F4F9B /* Info.plist */ = {isa = PBXFileReference; lastKnownFileType = text.plist.xml; path = Info.plist; sourceTree = "<group>"; };
		7FF5CC001ACE9E61004F4F9B /* main.m */ = {isa = PBXFileReference; lastKnownFileType = sourcecode.c.objc; path = main.m; sourceTree = "<group>"; };
		7FF5CC021ACE9E61004F4F9B /* AppDelegate.h */ = {isa = PBXFileReference; lastKnownFileType = sourcecode.c.h; path = AppDelegate.h; sourceTree = "<group>"; };
		7FF5CC091ACE9E61004F4F9B /* Base */ = {isa = PBXFileReference; lastKnownFileType = file.storyboard; name = Base; path = Base.lproj/Main.storyboard; sourceTree = "<group>"; };
		7FF5CC141ACE9E61004F4F9B /* Msocl_iOSTests.xctest */ = {isa = PBXFileReference; explicitFileType = wrapper.cfbundle; includeInIndex = 0; path = Msocl_iOSTests.xctest; sourceTree = BUILT_PRODUCTS_DIR; };
		7FF5CC191ACE9E61004F4F9B /* Info.plist */ = {isa = PBXFileReference; lastKnownFileType = text.plist.xml; path = Info.plist; sourceTree = "<group>"; };
		7FF5CC1A1ACE9E61004F4F9B /* Msocl_iOSTests.m */ = {isa = PBXFileReference; lastKnownFileType = sourcecode.c.objc; path = Msocl_iOSTests.m; sourceTree = "<group>"; };
/* End PBXFileReference section */

/* Begin PBXFrameworksBuildPhase section */
		7FF5CBF81ACE9E60004F4F9B /* Frameworks */ = {
			isa = PBXFrameworksBuildPhase;
			buildActionMask = 2147483647;
			files = (
				7F8999091AD25E66007E2917 /* StoreKit.framework in Frameworks */,
				7F8999071AD25E5E007E2917 /* MessageUI.framework in Frameworks */,
				7F8999051AD25E57007E2917 /* libz.1.2.5.dylib in Frameworks */,
				7F8999031AD25E4F007E2917 /* libsqlite3.0.dylib in Frameworks */,
				7F8999011AD25E41007E2917 /* CoreData.framework in Frameworks */,
				7F8998FF1AD25E39007E2917 /* Accelerate.framework in Frameworks */,
				7F7E55BB1AD3D992007070EF /* AviarySDK.framework in Frameworks */,
				7F8998FD1AD25DF2007E2917 /* OpenGLES.framework in Frameworks */,
				7F8998FB1AD25DDA007E2917 /* CoreText.framework in Frameworks */,
				7F8998F91AD25DCB007E2917 /* CoreGraphics.framework in Frameworks */,
				7F8998F71AD25DC5007E2917 /* QuartzCore.framework in Frameworks */,
				7F8998F51AD25DAC007E2917 /* Foundation.framework in Frameworks */,
				7F8998F31AD25DA5007E2917 /* UIKit.framework in Frameworks */,
			);
			runOnlyForDeploymentPostprocessing = 0;
		};
		7FF5CC111ACE9E61004F4F9B /* Frameworks */ = {
			isa = PBXFrameworksBuildPhase;
			buildActionMask = 2147483647;
			files = (
			);
			runOnlyForDeploymentPostprocessing = 0;
		};
/* End PBXFrameworksBuildPhase section */

/* Begin PBXGroup section */
		7F7E55B81AD3D992007070EF /* AviarySDK */ = {
			isa = PBXGroup;
			children = (
				7F7E55B91AD3D992007070EF /* AviarySDK.framework */,
				7F7E55BA1AD3D992007070EF /* AviarySDKResources.bundle */,
			);
			path = AviarySDK;
			sourceTree = "<group>";
		};
		7F7E55BE1AD3F643007070EF /* Controllers */ = {
			isa = PBXGroup;
			children = (
				7F7E55C51AD3F72C007070EF /* Login & Signup */,
				7F7E55C01AD3F643007070EF /* Onboarding */,
				7F7E55C11AD3F643007070EF /* Streams */,
			);
			path = Controllers;
			sourceTree = "<group>";
		};
		7F7E55BF1AD3F643007070EF /* ModalClasses */ = {
			isa = PBXGroup;
			children = (
				7F83BC1A1AD13948008DFD8B /* StringConstants.h */,
				7F83BC271AD14549008DFD8B /* ModelManager.h */,
				7F83BC281AD14549008DFD8B /* ModelManager.m */,
				7F83BC2A1AD1465E008DFD8B /* AccessToken.h */,
				7F83BC2B1AD1465E008DFD8B /* AccessToken.m */,
				7F8999141AD2A04B007E2917 /* UserProfile.h */,
				7F8999151AD2A04B007E2917 /* UserProfile.m */,
			);
			name = ModalClasses;
			path = Controllers/ModalClasses;
			sourceTree = "<group>";
		};
		7F7E55C01AD3F643007070EF /* Onboarding */ = {
			isa = PBXGroup;
			children = (
				7F83BC0B1AD1295A008DFD8B /* OnboardingViewController.h */,
				7F83BC0C1AD1295A008DFD8B /* OnboardingViewController.m */,
				7F83BC1C1AD13B3A008DFD8B /* LoadingViewController.h */,
				7F83BC1D1AD13B3A008DFD8B /* LoadingViewController.m */,
			);
			path = Onboarding;
			sourceTree = "<group>";
		};
		7F7E55C11AD3F643007070EF /* Streams */ = {
			isa = PBXGroup;
			children = (
				7F83BC761AD1637F008DFD8B /* MainStreamsViewController.h */,
				7F83BC771AD1637F008DFD8B /* MainStreamsViewController.m */,
				7F7C296A1AD536C9004D4052 /* StreamDisplayView.h */,
				7F7C296B1AD536C9004D4052 /* StreamDisplayView.m */,
				7F7E55C21AD3F643007070EF /* Add posts */,
			);
			path = Streams;
			sourceTree = "<group>";
		};
		7F7E55C21AD3F643007070EF /* Add posts */ = {
			isa = PBXGroup;
			children = (
				7F83BC7A1AD1724C008DFD8B /* AddPostViewController.h */,
				7F83BC7B1AD1724C008DFD8B /* AddPostViewController.m */,
			);
			path = "Add posts";
			sourceTree = "<group>";
		};
		7F7E55C31AD3F643007070EF /* Utitlities */ = {
			isa = PBXGroup;
			children = (
				7F83BC691AD15AE6008DFD8B /* ProfilePhotoUtils.h */,
				7F83BC6A1AD15AE6008DFD8B /* ProfilePhotoUtils.m */,
				7F7C296D1AD53ACF004D4052 /* ProfileDateUtils.h */,
				7F7C296E1AD53ACF004D4052 /* ProfileDateUtils.m */,
				7F83BC161AD12BFF008DFD8B /* PromptImages.h */,
				7F83BC171AD12BFF008DFD8B /* PromptImages.m */,
			);
			name = Utitlities;
			path = Controllers/Utitlities;
			sourceTree = "<group>";
		};
		7F7E55C41AD3F643007070EF /* WebServices */ = {
			isa = PBXGroup;
			children = (
				7F83BC0F1AD12B48008DFD8B /* Webservices.h */,
				7F83BC101AD12B48008DFD8B /* Webservices.m */,
				7F83BC121AD12B5D008DFD8B /* APIConnector.h */,
				7F83BC131AD12B5D008DFD8B /* APIConnector.m */,
			);
			name = WebServices;
			path = Controllers/WebServices;
			sourceTree = "<group>";
		};
		7F7E55C51AD3F72C007070EF /* Login & Signup */ = {
			isa = PBXGroup;
			children = (
				7F7E55C61AD3F793007070EF /* LoginViewController.h */,
				7F7E55C71AD3F793007070EF /* LoginViewController.m */,
				7F7E55C91AD3F7A7007070EF /* SignUpViewController.h */,
				7F7E55CA1AD3F7A7007070EF /* SignUpViewController.m */,
			);
			name = "Login & Signup";
			sourceTree = "<group>";
		};
		7F83BC071AD11B06008DFD8B /* Appdelegate */ = {
			isa = PBXGroup;
			children = (
				7FF5CC021ACE9E61004F4F9B /* AppDelegate.h */,
				7F83BC201AD13BC6008DFD8B /* AppDelegate.m */,
			);
			name = Appdelegate;
			sourceTree = "<group>";
		};
		7F83BC221AD13BD1008DFD8B /* ThirdParty */ = {
			isa = PBXGroup;
			children = (
				7F7E55B81AD3D992007070EF /* AviarySDK */,
				7F8999101AD26489007E2917 /* Base64 */,
				7F83BC311AD14CD9008DFD8B /* AFNetworking */,
				7F83BC2D1AD14AC0008DFD8B /* Reachability */,
				7F83BC231AD13BFF008DFD8B /* MBProgressHUD */,
			);
			name = ThirdParty;
			sourceTree = "<group>";
		};
		7F83BC231AD13BFF008DFD8B /* MBProgressHUD */ = {
			isa = PBXGroup;
			children = (
				7F83BC241AD13C09008DFD8B /* MBProgressHUD.h */,
				7F83BC251AD13C09008DFD8B /* MBProgressHUD.m */,
			);
			name = MBProgressHUD;
			sourceTree = "<group>";
		};
		7F83BC2D1AD14AC0008DFD8B /* Reachability */ = {
			isa = PBXGroup;
			children = (
				7F83BC2E1AD14ACA008DFD8B /* Reachability.h */,
				7F83BC2F1AD14ACA008DFD8B /* Reachability.m */,
			);
			name = Reachability;
			sourceTree = "<group>";
		};
		7F83BC311AD14CD9008DFD8B /* AFNetworking */ = {
			isa = PBXGroup;
			children = (
				7F83BC321AD14CEE008DFD8B /* AFNetworking */,
				7F83BC461AD14CEE008DFD8B /* UIKit+AFNetworking */,
			);
			name = AFNetworking;
			sourceTree = "<group>";
		};
		7F83BC321AD14CEE008DFD8B /* AFNetworking */ = {
			isa = PBXGroup;
			children = (
				7F83BC331AD14CEE008DFD8B /* AFHTTPRequestOperation.h */,
				7F83BC341AD14CEE008DFD8B /* AFHTTPRequestOperation.m */,
				7F83BC351AD14CEE008DFD8B /* AFHTTPRequestOperationManager.h */,
				7F83BC361AD14CEE008DFD8B /* AFHTTPRequestOperationManager.m */,
				7F83BC371AD14CEE008DFD8B /* AFHTTPSessionManager.h */,
				7F83BC381AD14CEE008DFD8B /* AFHTTPSessionManager.m */,
				7F83BC391AD14CEE008DFD8B /* AFNetworking.h */,
				7F83BC3A1AD14CEE008DFD8B /* AFNetworkReachabilityManager.h */,
				7F83BC3B1AD14CEE008DFD8B /* AFNetworkReachabilityManager.m */,
				7F83BC3C1AD14CEE008DFD8B /* AFSecurityPolicy.h */,
				7F83BC3D1AD14CEE008DFD8B /* AFSecurityPolicy.m */,
				7F83BC3E1AD14CEE008DFD8B /* AFURLConnectionOperation.h */,
				7F83BC3F1AD14CEE008DFD8B /* AFURLConnectionOperation.m */,
				7F83BC401AD14CEE008DFD8B /* AFURLRequestSerialization.h */,
				7F83BC411AD14CEE008DFD8B /* AFURLRequestSerialization.m */,
				7F83BC421AD14CEE008DFD8B /* AFURLResponseSerialization.h */,
				7F83BC431AD14CEE008DFD8B /* AFURLResponseSerialization.m */,
				7F83BC441AD14CEE008DFD8B /* AFURLSessionManager.h */,
				7F83BC451AD14CEE008DFD8B /* AFURLSessionManager.m */,
			);
			path = AFNetworking;
			sourceTree = "<group>";
		};
		7F83BC461AD14CEE008DFD8B /* UIKit+AFNetworking */ = {
			isa = PBXGroup;
			children = (
				7F83BC471AD14CEE008DFD8B /* AFNetworkActivityIndicatorManager.h */,
				7F83BC481AD14CEE008DFD8B /* AFNetworkActivityIndicatorManager.m */,
				7F83BC491AD14CEE008DFD8B /* UIActivityIndicatorView+AFNetworking.h */,
				7F83BC4A1AD14CEE008DFD8B /* UIActivityIndicatorView+AFNetworking.m */,
				7F83BC4B1AD14CEE008DFD8B /* UIAlertView+AFNetworking.h */,
				7F83BC4C1AD14CEE008DFD8B /* UIAlertView+AFNetworking.m */,
				7F83BC4D1AD14CEE008DFD8B /* UIButton+AFNetworking.h */,
				7F83BC4E1AD14CEE008DFD8B /* UIButton+AFNetworking.m */,
				7F83BC4F1AD14CEE008DFD8B /* UIImageView+AFNetworking.h */,
				7F83BC501AD14CEE008DFD8B /* UIImageView+AFNetworking.m */,
				7F83BC511AD14CEE008DFD8B /* UIKit+AFNetworking.h */,
				7F83BC521AD14CEE008DFD8B /* UIProgressView+AFNetworking.h */,
				7F83BC531AD14CEE008DFD8B /* UIProgressView+AFNetworking.m */,
				7F83BC541AD14CEE008DFD8B /* UIRefreshControl+AFNetworking.h */,
				7F83BC551AD14CEE008DFD8B /* UIRefreshControl+AFNetworking.m */,
				7F83BC561AD14CEE008DFD8B /* UIWebView+AFNetworking.h */,
				7F83BC571AD14CEE008DFD8B /* UIWebView+AFNetworking.m */,
			);
			path = "UIKit+AFNetworking";
			sourceTree = "<group>";
		};
		7F89990A1AD25EE8007E2917 /* Frameworks */ = {
			isa = PBXGroup;
			children = (
				7F8999081AD25E66007E2917 /* StoreKit.framework */,
				7F8999061AD25E5E007E2917 /* MessageUI.framework */,
				7F8999041AD25E57007E2917 /* libz.1.2.5.dylib */,
				7F8999021AD25E4F007E2917 /* libsqlite3.0.dylib */,
				7F8999001AD25E41007E2917 /* CoreData.framework */,
				7F8998FE1AD25E39007E2917 /* Accelerate.framework */,
				7F8998FC1AD25DF2007E2917 /* OpenGLES.framework */,
				7F8998FA1AD25DDA007E2917 /* CoreText.framework */,
				7F8998F81AD25DCB007E2917 /* CoreGraphics.framework */,
				7F8998F61AD25DC5007E2917 /* QuartzCore.framework */,
				7F8998F41AD25DAC007E2917 /* Foundation.framework */,
				7F8998F21AD25DA5007E2917 /* UIKit.framework */,
			);
			name = Frameworks;
			sourceTree = "<group>";
		};
		7F8999101AD26489007E2917 /* Base64 */ = {
			isa = PBXGroup;
			children = (
				7F8999111AD2649E007E2917 /* Base64.h */,
				7F8999121AD2649E007E2917 /* Base64.m */,
			);
			name = Base64;
			sourceTree = "<group>";
		};
		7F8999171AD2B1B3007E2917 /* Images */ = {
			isa = PBXGroup;
			children = (
				7F7C29701AD55F4E004D4052 /* EmptyProfilePic.jpg */,
				7F8999181AD2B1EA007E2917 /* TourImages */,
			);
			name = Images;
			sourceTree = "<group>";
		};
		7F8999181AD2B1EA007E2917 /* TourImages */ = {
			isa = PBXGroup;
			children = (
				7F8999191AD2B1F6007E2917 /* tour_0@2x.png */,
				7F89991A1AD2B1F6007E2917 /* tour_1@2x.png */,
				7F89991B1AD2B1F6007E2917 /* tour_2@2x.png */,
				7F89991C1AD2B1F6007E2917 /* tour_3@2x.png */,
				7F89991D1AD2B1F6007E2917 /* tour_4@2x.png */,
				7F89991E1AD2B1F6007E2917 /* tour_5@2x.png */,
				7F89991F1AD2B1F6007E2917 /* tour_6@2x.png */,
				7F8999201AD2B1F6007E2917 /* tour_7@2x.png */,
			);
			name = TourImages;
			sourceTree = "<group>";
		};
		7FF5CBF21ACE9E60004F4F9B = {
			isa = PBXGroup;
			children = (
				7FF5CBFD1ACE9E60004F4F9B /* Msocl_iOS */,
				7FF5CC171ACE9E61004F4F9B /* Msocl_iOSTests */,
				7FF5CBFC1ACE9E60004F4F9B /* Products */,
				7F89990A1AD25EE8007E2917 /* Frameworks */,
			);
			sourceTree = "<group>";
		};
		7FF5CBFC1ACE9E60004F4F9B /* Products */ = {
			isa = PBXGroup;
			children = (
				7FF5CBFB1ACE9E60004F4F9B /* Msocl_iOS.app */,
				7FF5CC141ACE9E61004F4F9B /* Msocl_iOSTests.xctest */,
			);
			name = Products;
			sourceTree = "<group>";
		};
		7FF5CBFD1ACE9E60004F4F9B /* Msocl_iOS */ = {
			isa = PBXGroup;
			children = (
				7F83BC071AD11B06008DFD8B /* Appdelegate */,
				7F7E55C31AD3F643007070EF /* Utitlities */,
				7F7E55C41AD3F643007070EF /* WebServices */,
				7F7E55BF1AD3F643007070EF /* ModalClasses */,
				7F83BC221AD13BD1008DFD8B /* ThirdParty */,
				7F7E55BE1AD3F643007070EF /* Controllers */,
				7F8999171AD2B1B3007E2917 /* Images */,
				7F83BC7D1AD17844008DFD8B /* Images.xcassets */,
				7FF5CC081ACE9E61004F4F9B /* Main.storyboard */,
				7FF5CBFE1ACE9E60004F4F9B /* Supporting Files */,
			);
			path = Msocl_iOS;
			sourceTree = "<group>";
		};
		7FF5CBFE1ACE9E60004F4F9B /* Supporting Files */ = {
			isa = PBXGroup;
			children = (
				7FF5CBFF1ACE9E60004F4F9B /* Info.plist */,
				7FF5CC001ACE9E61004F4F9B /* main.m */,
			);
			name = "Supporting Files";
			sourceTree = "<group>";
		};
		7FF5CC171ACE9E61004F4F9B /* Msocl_iOSTests */ = {
			isa = PBXGroup;
			children = (
				7FF5CC1A1ACE9E61004F4F9B /* Msocl_iOSTests.m */,
				7FF5CC181ACE9E61004F4F9B /* Supporting Files */,
			);
			path = Msocl_iOSTests;
			sourceTree = "<group>";
		};
		7FF5CC181ACE9E61004F4F9B /* Supporting Files */ = {
			isa = PBXGroup;
			children = (
				7FF5CC191ACE9E61004F4F9B /* Info.plist */,
			);
			name = "Supporting Files";
			sourceTree = "<group>";
		};
/* End PBXGroup section */

/* Begin PBXNativeTarget section */
		7FF5CBFA1ACE9E60004F4F9B /* Msocl_iOS */ = {
			isa = PBXNativeTarget;
			buildConfigurationList = 7FF5CC1E1ACE9E61004F4F9B /* Build configuration list for PBXNativeTarget "Msocl_iOS" */;
			buildPhases = (
				7FF5CBF71ACE9E60004F4F9B /* Sources */,
				7FF5CBF81ACE9E60004F4F9B /* Frameworks */,
				7FF5CBF91ACE9E60004F4F9B /* Resources */,
			);
			buildRules = (
			);
			dependencies = (
			);
			name = Msocl_iOS;
			productName = Msocl_iOS;
			productReference = 7FF5CBFB1ACE9E60004F4F9B /* Msocl_iOS.app */;
			productType = "com.apple.product-type.application";
		};
		7FF5CC131ACE9E61004F4F9B /* Msocl_iOSTests */ = {
			isa = PBXNativeTarget;
			buildConfigurationList = 7FF5CC211ACE9E61004F4F9B /* Build configuration list for PBXNativeTarget "Msocl_iOSTests" */;
			buildPhases = (
				7FF5CC101ACE9E61004F4F9B /* Sources */,
				7FF5CC111ACE9E61004F4F9B /* Frameworks */,
				7FF5CC121ACE9E61004F4F9B /* Resources */,
			);
			buildRules = (
			);
			dependencies = (
				7FF5CC161ACE9E61004F4F9B /* PBXTargetDependency */,
			);
			name = Msocl_iOSTests;
			productName = Msocl_iOSTests;
			productReference = 7FF5CC141ACE9E61004F4F9B /* Msocl_iOSTests.xctest */;
			productType = "com.apple.product-type.bundle.unit-test";
		};
/* End PBXNativeTarget section */

/* Begin PBXProject section */
		7FF5CBF31ACE9E60004F4F9B /* Project object */ = {
			isa = PBXProject;
			attributes = {
				LastUpgradeCheck = 0610;
				ORGANIZATIONNAME = "Maisa Solutions";
				TargetAttributes = {
					7FF5CBFA1ACE9E60004F4F9B = {
						CreatedOnToolsVersion = 6.1;
					};
					7FF5CC131ACE9E61004F4F9B = {
						CreatedOnToolsVersion = 6.1;
						TestTargetID = 7FF5CBFA1ACE9E60004F4F9B;
					};
				};
			};
			buildConfigurationList = 7FF5CBF61ACE9E60004F4F9B /* Build configuration list for PBXProject "Msocl_iOS" */;
			compatibilityVersion = "Xcode 3.2";
			developmentRegion = English;
			hasScannedForEncodings = 0;
			knownRegions = (
				en,
				Base,
			);
			mainGroup = 7FF5CBF21ACE9E60004F4F9B;
			productRefGroup = 7FF5CBFC1ACE9E60004F4F9B /* Products */;
			projectDirPath = "";
			projectRoot = "";
			targets = (
				7FF5CBFA1ACE9E60004F4F9B /* Msocl_iOS */,
				7FF5CC131ACE9E61004F4F9B /* Msocl_iOSTests */,
			);
		};
/* End PBXProject section */

/* Begin PBXResourcesBuildPhase section */
		7FF5CBF91ACE9E60004F4F9B /* Resources */ = {
			isa = PBXResourcesBuildPhase;
			buildActionMask = 2147483647;
			files = (
				7F8999221AD2B1F6007E2917 /* tour_1@2x.png in Resources */,
				7FF5CC0A1ACE9E61004F4F9B /* Main.storyboard in Resources */,
				7F83BC7E1AD17844008DFD8B /* Images.xcassets in Resources */,
				7F7E55BC1AD3D992007070EF /* AviarySDKResources.bundle in Resources */,
				7F8999231AD2B1F6007E2917 /* tour_2@2x.png in Resources */,
				7F8999241AD2B1F6007E2917 /* tour_3@2x.png in Resources */,
				7F7C29711AD55F4E004D4052 /* EmptyProfilePic.jpg in Resources */,
				7F8999211AD2B1F6007E2917 /* tour_0@2x.png in Resources */,
				7F8999271AD2B1F6007E2917 /* tour_6@2x.png in Resources */,
				7F8999281AD2B1F6007E2917 /* tour_7@2x.png in Resources */,
				7F8999251AD2B1F6007E2917 /* tour_4@2x.png in Resources */,
				7F8999261AD2B1F6007E2917 /* tour_5@2x.png in Resources */,
			);
			runOnlyForDeploymentPostprocessing = 0;
		};
		7FF5CC121ACE9E61004F4F9B /* Resources */ = {
			isa = PBXResourcesBuildPhase;
			buildActionMask = 2147483647;
			files = (
			);
			runOnlyForDeploymentPostprocessing = 0;
		};
/* End PBXResourcesBuildPhase section */

/* Begin PBXSourcesBuildPhase section */
		7FF5CBF71ACE9E60004F4F9B /* Sources */ = {
			isa = PBXSourcesBuildPhase;
			buildActionMask = 2147483647;
			files = (
				7F83BC631AD14CEF008DFD8B /* UIAlertView+AFNetworking.m in Sources */,
				7F83BC651AD14CEF008DFD8B /* UIImageView+AFNetworking.m in Sources */,
				7F83BC641AD14CEF008DFD8B /* UIButton+AFNetworking.m in Sources */,
				7F83BC581AD14CEF008DFD8B /* AFHTTPRequestOperation.m in Sources */,
				7F83BC141AD12B5D008DFD8B /* APIConnector.m in Sources */,
				7F83BC6B1AD15AE6008DFD8B /* ProfilePhotoUtils.m in Sources */,
				7F83BC601AD14CEF008DFD8B /* AFURLSessionManager.m in Sources */,
				7F7C296C1AD536C9004D4052 /* StreamDisplayView.m in Sources */,
				7F83BC611AD14CEF008DFD8B /* AFNetworkActivityIndicatorManager.m in Sources */,
				7F8999131AD2649E007E2917 /* Base64.m in Sources */,
				7F83BC181AD12BFF008DFD8B /* PromptImages.m in Sources */,
				7F83BC5D1AD14CEF008DFD8B /* AFURLConnectionOperation.m in Sources */,
				7F83BC591AD14CEF008DFD8B /* AFHTTPRequestOperationManager.m in Sources */,
				7F83BC291AD14549008DFD8B /* ModelManager.m in Sources */,
				7F83BC5B1AD14CEF008DFD8B /* AFNetworkReachabilityManager.m in Sources */,
				7F83BC111AD12B48008DFD8B /* Webservices.m in Sources */,
				7F83BC7C1AD1724C008DFD8B /* AddPostViewController.m in Sources */,
				7F83BC261AD13C09008DFD8B /* MBProgressHUD.m in Sources */,
				7F83BC781AD1637F008DFD8B /* MainStreamsViewController.m in Sources */,
				7F83BC5C1AD14CEF008DFD8B /* AFSecurityPolicy.m in Sources */,
				7F83BC211AD13BC6008DFD8B /* AppDelegate.m in Sources */,
				7F83BC5E1AD14CEF008DFD8B /* AFURLRequestSerialization.m in Sources */,
				7FF5CC011ACE9E61004F4F9B /* main.m in Sources */,
				7F83BC5F1AD14CEF008DFD8B /* AFURLResponseSerialization.m in Sources */,
				7F83BC2C1AD1465E008DFD8B /* AccessToken.m in Sources */,
				7F7E55C81AD3F793007070EF /* LoginViewController.m in Sources */,
				7F83BC621AD14CEF008DFD8B /* UIActivityIndicatorView+AFNetworking.m in Sources */,
				7F7E55CB1AD3F7A7007070EF /* SignUpViewController.m in Sources */,
				7F83BC671AD14CEF008DFD8B /* UIRefreshControl+AFNetworking.m in Sources */,
				7F8999161AD2A04B007E2917 /* UserProfile.m in Sources */,
				7F7C296F1AD53ACF004D4052 /* ProfileDateUtils.m in Sources */,
				7F83BC661AD14CEF008DFD8B /* UIProgressView+AFNetworking.m in Sources */,
				7F83BC0D1AD1295A008DFD8B /* OnboardingViewController.m in Sources */,
				7F83BC681AD14CEF008DFD8B /* UIWebView+AFNetworking.m in Sources */,
				7F83BC5A1AD14CEF008DFD8B /* AFHTTPSessionManager.m in Sources */,
				7F83BC301AD14ACA008DFD8B /* Reachability.m in Sources */,
				7F83BC1E1AD13B3A008DFD8B /* LoadingViewController.m in Sources */,
			);
			runOnlyForDeploymentPostprocessing = 0;
		};
		7FF5CC101ACE9E61004F4F9B /* Sources */ = {
			isa = PBXSourcesBuildPhase;
			buildActionMask = 2147483647;
			files = (
				7FF5CC1B1ACE9E61004F4F9B /* Msocl_iOSTests.m in Sources */,
			);
			runOnlyForDeploymentPostprocessing = 0;
		};
/* End PBXSourcesBuildPhase section */

/* Begin PBXTargetDependency section */
		7FF5CC161ACE9E61004F4F9B /* PBXTargetDependency */ = {
			isa = PBXTargetDependency;
			target = 7FF5CBFA1ACE9E60004F4F9B /* Msocl_iOS */;
			targetProxy = 7FF5CC151ACE9E61004F4F9B /* PBXContainerItemProxy */;
		};
/* End PBXTargetDependency section */

/* Begin PBXVariantGroup section */
		7FF5CC081ACE9E61004F4F9B /* Main.storyboard */ = {
			isa = PBXVariantGroup;
			children = (
				7FF5CC091ACE9E61004F4F9B /* Base */,
			);
			name = Main.storyboard;
			sourceTree = "<group>";
		};
/* End PBXVariantGroup section */

/* Begin XCBuildConfiguration section */
		7FF5CC1C1ACE9E61004F4F9B /* Debug */ = {
			isa = XCBuildConfiguration;
			buildSettings = {
				ALWAYS_SEARCH_USER_PATHS = NO;
				CLANG_CXX_LANGUAGE_STANDARD = "gnu++0x";
				CLANG_CXX_LIBRARY = "libc++";
				CLANG_ENABLE_MODULES = YES;
				CLANG_ENABLE_OBJC_ARC = YES;
				CLANG_WARN_BOOL_CONVERSION = YES;
				CLANG_WARN_CONSTANT_CONVERSION = YES;
				CLANG_WARN_DIRECT_OBJC_ISA_USAGE = YES_ERROR;
				CLANG_WARN_EMPTY_BODY = YES;
				CLANG_WARN_ENUM_CONVERSION = YES;
				CLANG_WARN_INT_CONVERSION = YES;
				CLANG_WARN_OBJC_ROOT_CLASS = YES_ERROR;
				CLANG_WARN_UNREACHABLE_CODE = YES;
				CLANG_WARN__DUPLICATE_METHOD_MATCH = YES;
				"CODE_SIGN_IDENTITY[sdk=iphoneos*]" = "iPhone Developer";
				COPY_PHASE_STRIP = NO;
				ENABLE_STRICT_OBJC_MSGSEND = YES;
				GCC_C_LANGUAGE_STANDARD = gnu99;
				GCC_DYNAMIC_NO_PIC = NO;
				GCC_OPTIMIZATION_LEVEL = 0;
				GCC_PREPROCESSOR_DEFINITIONS = (
					"DEBUG=1",
					"$(inherited)",
				);
				GCC_SYMBOLS_PRIVATE_EXTERN = NO;
				GCC_WARN_64_TO_32_BIT_CONVERSION = YES;
				GCC_WARN_ABOUT_RETURN_TYPE = YES_ERROR;
				GCC_WARN_UNDECLARED_SELECTOR = YES;
				GCC_WARN_UNINITIALIZED_AUTOS = YES_AGGRESSIVE;
				GCC_WARN_UNUSED_FUNCTION = YES;
				GCC_WARN_UNUSED_VARIABLE = YES;
				IPHONEOS_DEPLOYMENT_TARGET = 8.1;
				MTL_ENABLE_DEBUG_INFO = YES;
				ONLY_ACTIVE_ARCH = YES;
				SDKROOT = iphoneos;
			};
			name = Debug;
		};
		7FF5CC1D1ACE9E61004F4F9B /* Release */ = {
			isa = XCBuildConfiguration;
			buildSettings = {
				ALWAYS_SEARCH_USER_PATHS = NO;
				CLANG_CXX_LANGUAGE_STANDARD = "gnu++0x";
				CLANG_CXX_LIBRARY = "libc++";
				CLANG_ENABLE_MODULES = YES;
				CLANG_ENABLE_OBJC_ARC = YES;
				CLANG_WARN_BOOL_CONVERSION = YES;
				CLANG_WARN_CONSTANT_CONVERSION = YES;
				CLANG_WARN_DIRECT_OBJC_ISA_USAGE = YES_ERROR;
				CLANG_WARN_EMPTY_BODY = YES;
				CLANG_WARN_ENUM_CONVERSION = YES;
				CLANG_WARN_INT_CONVERSION = YES;
				CLANG_WARN_OBJC_ROOT_CLASS = YES_ERROR;
				CLANG_WARN_UNREACHABLE_CODE = YES;
				CLANG_WARN__DUPLICATE_METHOD_MATCH = YES;
				"CODE_SIGN_IDENTITY[sdk=iphoneos*]" = "iPhone Developer";
				COPY_PHASE_STRIP = YES;
				ENABLE_NS_ASSERTIONS = NO;
				ENABLE_STRICT_OBJC_MSGSEND = YES;
				GCC_C_LANGUAGE_STANDARD = gnu99;
				GCC_WARN_64_TO_32_BIT_CONVERSION = YES;
				GCC_WARN_ABOUT_RETURN_TYPE = YES_ERROR;
				GCC_WARN_UNDECLARED_SELECTOR = YES;
				GCC_WARN_UNINITIALIZED_AUTOS = YES_AGGRESSIVE;
				GCC_WARN_UNUSED_FUNCTION = YES;
				GCC_WARN_UNUSED_VARIABLE = YES;
				IPHONEOS_DEPLOYMENT_TARGET = 8.1;
				MTL_ENABLE_DEBUG_INFO = NO;
				SDKROOT = iphoneos;
				VALIDATE_PRODUCT = YES;
			};
			name = Release;
		};
		7FF5CC1F1ACE9E61004F4F9B /* Debug */ = {
			isa = XCBuildConfiguration;
			buildSettings = {
				ASSETCATALOG_COMPILER_APPICON_NAME = AppIcon;
				ASSETCATALOG_COMPILER_LAUNCHIMAGE_NAME = LaunchImage;
				FRAMEWORK_SEARCH_PATHS = (
					"$(inherited)",
					"$(PROJECT_DIR)/Msocl_iOS/AviarySDK",
				);
				INFOPLIST_FILE = Msocl_iOS/Info.plist;
				IPHONEOS_DEPLOYMENT_TARGET = 7.0;
				LD_RUNPATH_SEARCH_PATHS = "$(inherited) @executable_path/Frameworks";
				OTHER_LDFLAGS = (
					"-Objc",
					"-all_load",
				);
				PRODUCT_NAME = "$(TARGET_NAME)";
			};
			name = Debug;
		};
		7FF5CC201ACE9E61004F4F9B /* Release */ = {
			isa = XCBuildConfiguration;
			buildSettings = {
				ASSETCATALOG_COMPILER_APPICON_NAME = AppIcon;
				ASSETCATALOG_COMPILER_LAUNCHIMAGE_NAME = LaunchImage;
				FRAMEWORK_SEARCH_PATHS = (
					"$(inherited)",
					"$(PROJECT_DIR)/Msocl_iOS/AviarySDK",
				);
				INFOPLIST_FILE = Msocl_iOS/Info.plist;
				IPHONEOS_DEPLOYMENT_TARGET = 7.0;
				LD_RUNPATH_SEARCH_PATHS = "$(inherited) @executable_path/Frameworks";
				OTHER_LDFLAGS = (
					"-Objc",
					"-all_load",
				);
				PRODUCT_NAME = "$(TARGET_NAME)";
			};
			name = Release;
		};
		7FF5CC221ACE9E61004F4F9B /* Debug */ = {
			isa = XCBuildConfiguration;
			buildSettings = {
				BUNDLE_LOADER = "$(TEST_HOST)";
				FRAMEWORK_SEARCH_PATHS = (
					"$(SDKROOT)/Developer/Library/Frameworks",
					"$(inherited)",
				);
				GCC_PREPROCESSOR_DEFINITIONS = (
					"DEBUG=1",
					"$(inherited)",
				);
				INFOPLIST_FILE = Msocl_iOSTests/Info.plist;
				LD_RUNPATH_SEARCH_PATHS = "$(inherited) @executable_path/Frameworks @loader_path/Frameworks";
				PRODUCT_NAME = "$(TARGET_NAME)";
				TEST_HOST = "$(BUILT_PRODUCTS_DIR)/Msocl_iOS.app/Msocl_iOS";
			};
			name = Debug;
		};
		7FF5CC231ACE9E61004F4F9B /* Release */ = {
			isa = XCBuildConfiguration;
			buildSettings = {
				BUNDLE_LOADER = "$(TEST_HOST)";
				FRAMEWORK_SEARCH_PATHS = (
					"$(SDKROOT)/Developer/Library/Frameworks",
					"$(inherited)",
				);
				INFOPLIST_FILE = Msocl_iOSTests/Info.plist;
				LD_RUNPATH_SEARCH_PATHS = "$(inherited) @executable_path/Frameworks @loader_path/Frameworks";
				PRODUCT_NAME = "$(TARGET_NAME)";
				TEST_HOST = "$(BUILT_PRODUCTS_DIR)/Msocl_iOS.app/Msocl_iOS";
			};
			name = Release;
		};
/* End XCBuildConfiguration section */

/* Begin XCConfigurationList section */
		7FF5CBF61ACE9E60004F4F9B /* Build configuration list for PBXProject "Msocl_iOS" */ = {
			isa = XCConfigurationList;
			buildConfigurations = (
				7FF5CC1C1ACE9E61004F4F9B /* Debug */,
				7FF5CC1D1ACE9E61004F4F9B /* Release */,
			);
			defaultConfigurationIsVisible = 0;
			defaultConfigurationName = Release;
		};
		7FF5CC1E1ACE9E61004F4F9B /* Build configuration list for PBXNativeTarget "Msocl_iOS" */ = {
			isa = XCConfigurationList;
			buildConfigurations = (
				7FF5CC1F1ACE9E61004F4F9B /* Debug */,
				7FF5CC201ACE9E61004F4F9B /* Release */,
			);
			defaultConfigurationIsVisible = 0;
			defaultConfigurationName = Release;
		};
		7FF5CC211ACE9E61004F4F9B /* Build configuration list for PBXNativeTarget "Msocl_iOSTests" */ = {
			isa = XCConfigurationList;
			buildConfigurations = (
				7FF5CC221ACE9E61004F4F9B /* Debug */,
				7FF5CC231ACE9E61004F4F9B /* Release */,
			);
			defaultConfigurationIsVisible = 0;
			defaultConfigurationName = Release;
		};
/* End XCConfigurationList section */
	};
	rootObject = 7FF5CBF31ACE9E60004F4F9B /* Project object */;
}
